// !$*UTF8*$!
{
	archiveVersion = 1;
	classes = {
	};
	objectVersion = 56;
	objects = {

/* Begin PBXBuildFile section */
		326900AB2F76BF7900250C7C /* WeatherCacheManager.swift in Sources */ = {isa = PBXBuildFile; fileRef = 326900AA2F76BF7900250C7C /* WeatherCacheManager.swift */; };
		5CDB60382AE554A700033E64 /* ClimaFlowApp.swift in Sources */ = {isa = PBXBuildFile; fileRef = 5CDB60372AE554A700033E64 /* ClimaFlowApp.swift */; };
		5CDB603C2AE554A800033E64 /* Assets.xcassets in Resources */ = {isa = PBXBuildFile; fileRef = 5CDB603B2AE554A800033E64 /* Assets.xcassets */; };
		5CDB603F2AE554A800033E64 /* Preview Assets.xcassets in Resources */ = {isa = PBXBuildFile; fileRef = 5CDB603E2AE554A800033E64 /* Preview Assets.xcassets */; };
		5F09A59A2F6C01E70027CE17 /* LocationManager.swift in Sources */ = {isa = PBXBuildFile; fileRef = 5F09A5952F6C01E70027CE17 /* LocationManager.swift */; };
		5F09A59B2F6C01E70027CE17 /* WeatherModels.swift in Sources */ = {isa = PBXBuildFile; fileRef = 5F09A5972F6C01E70027CE17 /* WeatherModels.swift */; };
		5F09A59C2F6C01E70027CE17 /* WeatherService.swift in Sources */ = {isa = PBXBuildFile; fileRef = 5F09A5982F6C01E70027CE17 /* WeatherService.swift */; };
		5F09A59D2F6C01E70027CE17 /* WeatherButton.swift in Sources */ = {isa = PBXBuildFile; fileRef = 5F09A5962F6C01E70027CE17 /* WeatherButton.swift */; };
		5F09A59F2F6C01E70027CE17 /* WeatherViewModel.swift in Sources */ = {isa = PBXBuildFile; fileRef = 5F09A5992F6C01E70027CE17 /* WeatherViewModel.swift */; };
		5F09A5A12F6C05C10027CE17 /* DEV_NOTES.md in Resources */ = {isa = PBXBuildFile; fileRef = 5F09A5A02F6C05B50027CE17 /* DEV_NOTES.md */; };
		5F5B44A12F7675B70028AE5B /* MainTabView.swift in Sources */ = {isa = PBXBuildFile; fileRef = 5F5B44A02F7675AF0028AE5B /* MainTabView.swift */; };
		5F5B44A32F7675CB0028AE5B /* HomeView.swift in Sources */ = {isa = PBXBuildFile; fileRef = 5F5B44A22F7675C90028AE5B /* HomeView.swift */; };
		5F5B44A52F7675E20028AE5B /* CitiesView.swift in Sources */ = {isa = PBXBuildFile; fileRef = 5F5B44A42F7675DC0028AE5B /* CitiesView.swift */; };
		5F5B44A72F76760C0028AE5B /* SettingsView.swift in Sources */ = {isa = PBXBuildFile; fileRef = 5F5B44A62F7676090028AE5B /* SettingsView.swift */; };
		5F5B44A92F767DC40028AE5B /* ContentView.swift in Sources */ = {isa = PBXBuildFile; fileRef = 5F5B44A82F767DBF0028AE5B /* ContentView.swift */; };
		5F88900B2F7549A200151C5D /* FavoriteCity.swift in Sources */ = {isa = PBXBuildFile; fileRef = 5F88900A2F75499400151C5D /* FavoriteCity.swift */; };
		5F88900D2F754A5D00151C5D /* FavoritesStorage.swift in Sources */ = {isa = PBXBuildFile; fileRef = 5F88900C2F754A5600151C5D /* FavoritesStorage.swift */; };
		5FE2208E2F795FB300D570FF /* Localizable.xcstrings in Resources */ = {isa = PBXBuildFile; fileRef = 5FE2208D2F795FB300D570FF /* Localizable.xcstrings */; };
/* End PBXBuildFile section */

/* Begin PBXContainerItemProxy section */
		5CDB60452AE554A800033E64 /* PBXContainerItemProxy */ = {
			isa = PBXContainerItemProxy;
			containerPortal = 5CDB602C2AE554A700033E64 /* Project object */;
			proxyType = 1;
			remoteGlobalIDString = 5CDB60332AE554A700033E64;
			remoteInfo = "SwiftUI-Weather";
		};
		5CDB604F2AE554A800033E64 /* PBXContainerItemProxy */ = {
			isa = PBXContainerItemProxy;
			containerPortal = 5CDB602C2AE554A700033E64 /* Project object */;
			proxyType = 1;
			remoteGlobalIDString = 5CDB60332AE554A700033E64;
			remoteInfo = "SwiftUI-Weather";
		};
/* End PBXContainerItemProxy section */

/* Begin PBXFileReference section */
		326900AA2F76BF7900250C7C /* WeatherCacheManager.swift */ = {isa = PBXFileReference; lastKnownFileType = sourcecode.swift; path = WeatherCacheManager.swift; sourceTree = "<group>"; };
		5CDB60342AE554A700033E64 /* ClimaFlow.app */ = {isa = PBXFileReference; explicitFileType = wrapper.application; includeInIndex = 0; path = ClimaFlow.app; sourceTree = BUILT_PRODUCTS_DIR; };
		5CDB60372AE554A700033E64 /* ClimaFlowApp.swift */ = {isa = PBXFileReference; lastKnownFileType = sourcecode.swift; path = ClimaFlowApp.swift; sourceTree = "<group>"; };
		5CDB603B2AE554A800033E64 /* Assets.xcassets */ = {isa = PBXFileReference; lastKnownFileType = folder.assetcatalog; path = Assets.xcassets; sourceTree = "<group>"; };
		5CDB603E2AE554A800033E64 /* Preview Assets.xcassets */ = {isa = PBXFileReference; lastKnownFileType = folder.assetcatalog; path = "Preview Assets.xcassets"; sourceTree = "<group>"; };
		5CDB60442AE554A800033E64 /* ClimaFlowTests.xctest */ = {isa = PBXFileReference; explicitFileType = wrapper.cfbundle; includeInIndex = 0; path = ClimaFlowTests.xctest; sourceTree = BUILT_PRODUCTS_DIR; };
		5CDB604E2AE554A800033E64 /* ClimaFlowUITests.xctest */ = {isa = PBXFileReference; explicitFileType = wrapper.cfbundle; includeInIndex = 0; path = ClimaFlowUITests.xctest; sourceTree = BUILT_PRODUCTS_DIR; };
		5F09A5952F6C01E70027CE17 /* LocationManager.swift */ = {isa = PBXFileReference; lastKnownFileType = sourcecode.swift; path = LocationManager.swift; sourceTree = "<group>"; };
		5F09A5962F6C01E70027CE17 /* WeatherButton.swift */ = {isa = PBXFileReference; lastKnownFileType = sourcecode.swift; path = WeatherButton.swift; sourceTree = "<group>"; };
		5F09A5972F6C01E70027CE17 /* WeatherModels.swift */ = {isa = PBXFileReference; lastKnownFileType = sourcecode.swift; path = WeatherModels.swift; sourceTree = "<group>"; };
		5F09A5982F6C01E70027CE17 /* WeatherService.swift */ = {isa = PBXFileReference; lastKnownFileType = sourcecode.swift; path = WeatherService.swift; sourceTree = "<group>"; };
		5F09A5992F6C01E70027CE17 /* WeatherViewModel.swift */ = {isa = PBXFileReference; lastKnownFileType = sourcecode.swift; path = WeatherViewModel.swift; sourceTree = "<group>"; };
		5F09A5A02F6C05B50027CE17 /* DEV_NOTES.md */ = {isa = PBXFileReference; lastKnownFileType = net.daringfireball.markdown; path = DEV_NOTES.md; sourceTree = "<group>"; };
		5F5B44A02F7675AF0028AE5B /* MainTabView.swift */ = {isa = PBXFileReference; lastKnownFileType = sourcecode.swift; path = MainTabView.swift; sourceTree = "<group>"; };
		5F5B44A22F7675C90028AE5B /* HomeView.swift */ = {isa = PBXFileReference; lastKnownFileType = sourcecode.swift; path = HomeView.swift; sourceTree = "<group>"; };
		5F5B44A42F7675DC0028AE5B /* CitiesView.swift */ = {isa = PBXFileReference; lastKnownFileType = sourcecode.swift; path = CitiesView.swift; sourceTree = "<group>"; };
		5F5B44A62F7676090028AE5B /* SettingsView.swift */ = {isa = PBXFileReference; lastKnownFileType = sourcecode.swift; path = SettingsView.swift; sourceTree = "<group>"; };
		5F5B44A82F767DBF0028AE5B /* ContentView.swift */ = {isa = PBXFileReference; lastKnownFileType = sourcecode.swift; path = ContentView.swift; sourceTree = "<group>"; };
		5F88900A2F75499400151C5D /* FavoriteCity.swift */ = {isa = PBXFileReference; lastKnownFileType = sourcecode.swift; path = FavoriteCity.swift; sourceTree = "<group>"; };
		5F88900C2F754A5600151C5D /* FavoritesStorage.swift */ = {isa = PBXFileReference; lastKnownFileType = sourcecode.swift; path = FavoritesStorage.swift; sourceTree = "<group>"; };
		5FE2208D2F795FB300D570FF /* Localizable.xcstrings */ = {isa = PBXFileReference; lastKnownFileType = text.json.xcstrings; path = Localizable.xcstrings; sourceTree = "<group>"; };
/* End PBXFileReference section */

/* Begin PBXFrameworksBuildPhase section */
		5CDB60312AE554A700033E64 /* Frameworks */ = {
			isa = PBXFrameworksBuildPhase;
			buildActionMask = 2147483647;
			files = (
			);
			runOnlyForDeploymentPostprocessing = 0;
		};
		5CDB60412AE554A800033E64 /* Frameworks */ = {
			isa = PBXFrameworksBuildPhase;
			buildActionMask = 2147483647;
			files = (
			);
			runOnlyForDeploymentPostprocessing = 0;
		};
		5CDB604B2AE554A800033E64 /* Frameworks */ = {
			isa = PBXFrameworksBuildPhase;
			buildActionMask = 2147483647;
			files = (
			);
			runOnlyForDeploymentPostprocessing = 0;
		};
/* End PBXFrameworksBuildPhase section */

/* Begin PBXGroup section */
		5CB5D4EF2AE9660400EC9EE8 /* Weather-Helper */ = {
			isa = PBXGroup;
			children = (
				5F5B44A02F7675AF0028AE5B /* MainTabView.swift */,
				5F5B44A62F7676090028AE5B /* SettingsView.swift */,
				5F5B44A22F7675C90028AE5B /* HomeView.swift */,
				5F5B44A82F767DBF0028AE5B /* ContentView.swift */,
				5F5B44A42F7675DC0028AE5B /* CitiesView.swift */,
				5F09A5A02F6C05B50027CE17 /* DEV_NOTES.md */,
				5F88900A2F75499400151C5D /* FavoriteCity.swift */,
				5F88900C2F754A5600151C5D /* FavoritesStorage.swift */,
				5F09A5952F6C01E70027CE17 /* LocationManager.swift */,
				5F09A5962F6C01E70027CE17 /* WeatherButton.swift */,
				5F09A5972F6C01E70027CE17 /* WeatherModels.swift */,
				5F09A5982F6C01E70027CE17 /* WeatherService.swift */,
				5F09A5992F6C01E70027CE17 /* WeatherViewModel.swift */,
				5CDB60372AE554A700033E64 /* ClimaFlowApp.swift */,
				326900AA2F76BF7900250C7C /* WeatherCacheManager.swift */,
			);
			path = "Weather-Helper";
			sourceTree = "<group>";
		};
		5CDB602B2AE554A700033E64 = {
			isa = PBXGroup;
			children = (
				5FE2208D2F795FB300D570FF /* Localizable.xcstrings */,
				5CDB60362AE554A700033E64 /* SkyCast — Weather App */,
				5CDB60352AE554A700033E64 /* Products */,
			);
			sourceTree = "<group>";
		};
		5CDB60352AE554A700033E64 /* Products */ = {
			isa = PBXGroup;
			children = (
				5CDB60342AE554A700033E64 /* ClimaFlow.app */,
				5CDB60442AE554A800033E64 /* ClimaFlowTests.xctest */,
				5CDB604E2AE554A800033E64 /* ClimaFlowUITests.xctest */,
			);
			name = Products;
			sourceTree = "<group>";
		};
		5CDB60362AE554A700033E64 /* SkyCast — Weather App */ = {
			isa = PBXGroup;
			children = (
				5CB5D4EF2AE9660400EC9EE8 /* Weather-Helper */,
				5CDB603B2AE554A800033E64 /* Assets.xcassets */,
				5CDB603D2AE554A800033E64 /* Preview Content */,
			);
			path = "SkyCast — Weather App";
			sourceTree = "<group>";
		};
		5CDB603D2AE554A800033E64 /* Preview Content */ = {
			isa = PBXGroup;
			children = (
				5CDB603E2AE554A800033E64 /* Preview Assets.xcassets */,
			);
			path = "Preview Content";
			sourceTree = "<group>";
		};
/* End PBXGroup section */

/* Begin PBXNativeTarget section */
		5CDB60332AE554A700033E64 /* ClimaFlow */ = {
			isa = PBXNativeTarget;
			buildConfigurationList = 5CDB60582AE554A800033E64 /* Build configuration list for PBXNativeTarget "ClimaFlow" */;
			buildPhases = (
				5CDB60302AE554A700033E64 /* Sources */,
				5CDB60312AE554A700033E64 /* Frameworks */,
				5CDB60322AE554A700033E64 /* Resources */,
			);
			buildRules = (
			);
			dependencies = (
			);
			name = ClimaFlow;
			productName = "SwiftUI-Weather";
			productReference = 5CDB60342AE554A700033E64 /* ClimaFlow.app */;
			productType = "com.apple.product-type.application";
		};
		5CDB60432AE554A800033E64 /* ClimaFlowTests */ = {
			isa = PBXNativeTarget;
			buildConfigurationList = 5CDB605B2AE554A800033E64 /* Build configuration list for PBXNativeTarget "ClimaFlowTests" */;
			buildPhases = (
				5CDB60402AE554A800033E64 /* Sources */,
				5CDB60412AE554A800033E64 /* Frameworks */,
				5CDB60422AE554A800033E64 /* Resources */,
			);
			buildRules = (
			);
			dependencies = (
				5CDB60462AE554A800033E64 /* PBXTargetDependency */,
			);
			name = ClimaFlowTests;
			productName = "SwiftUI-WeatherTests";
			productReference = 5CDB60442AE554A800033E64 /* ClimaFlowTests.xctest */;
			productType = "com.apple.product-type.bundle.unit-test";
		};
		5CDB604D2AE554A800033E64 /* ClimaFlowUITests */ = {
			isa = PBXNativeTarget;
			buildConfigurationList = 5CDB605E2AE554A800033E64 /* Build configuration list for PBXNativeTarget "ClimaFlowUITests" */;
			buildPhases = (
				5CDB604A2AE554A800033E64 /* Sources */,
				5CDB604B2AE554A800033E64 /* Frameworks */,
				5CDB604C2AE554A800033E64 /* Resources */,
			);
			buildRules = (
			);
			dependencies = (
				5CDB60502AE554A800033E64 /* PBXTargetDependency */,
			);
			name = ClimaFlowUITests;
			productName = "SwiftUI-WeatherUITests";
			productReference = 5CDB604E2AE554A800033E64 /* ClimaFlowUITests.xctest */;
			productType = "com.apple.product-type.bundle.ui-testing";
		};
/* End PBXNativeTarget section */

/* Begin PBXProject section */
		5CDB602C2AE554A700033E64 /* Project object */ = {
			isa = PBXProject;
			attributes = {
				BuildIndependentTargetsInParallel = 1;
				LastSwiftUpdateCheck = 1500;
				LastUpgradeCheck = 2630;
				TargetAttributes = {
					5CDB60332AE554A700033E64 = {
						CreatedOnToolsVersion = 15.0.1;
					};
					5CDB60432AE554A800033E64 = {
						CreatedOnToolsVersion = 15.0.1;
						TestTargetID = 5CDB60332AE554A700033E64;
					};
					5CDB604D2AE554A800033E64 = {
						CreatedOnToolsVersion = 15.0.1;
						TestTargetID = 5CDB60332AE554A700033E64;
					};
				};
			};
			buildConfigurationList = 5CDB602F2AE554A700033E64 /* Build configuration list for PBXProject "SkyCast" */;
			compatibilityVersion = "Xcode 14.0";
			developmentRegion = en;
			hasScannedForEncodings = 0;
			knownRegions = (
				en,
				Base,
				fr,
				de,
				it,
			);
			mainGroup = 5CDB602B2AE554A700033E64;
			productRefGroup = 5CDB60352AE554A700033E64 /* Products */;
			projectDirPath = "";
			projectRoot = "";
			targets = (
				5CDB60332AE554A700033E64 /* ClimaFlow */,
				5CDB60432AE554A800033E64 /* ClimaFlowTests */,
				5CDB604D2AE554A800033E64 /* ClimaFlowUITests */,
			);
		};
/* End PBXProject section */

/* Begin PBXResourcesBuildPhase section */
		5CDB60322AE554A700033E64 /* Resources */ = {
			isa = PBXResourcesBuildPhase;
			buildActionMask = 2147483647;
			files = (
				5F09A5A12F6C05C10027CE17 /* DEV_NOTES.md in Resources */,
				5CDB603F2AE554A800033E64 /* Preview Assets.xcassets in Resources */,
				5FE2208E2F795FB300D570FF /* Localizable.xcstrings in Resources */,
				5CDB603C2AE554A800033E64 /* Assets.xcassets in Resources */,
			);
			runOnlyForDeploymentPostprocessing = 0;
		};
		5CDB60422AE554A800033E64 /* Resources */ = {
			isa = PBXResourcesBuildPhase;
			buildActionMask = 2147483647;
			files = (
			);
			runOnlyForDeploymentPostprocessing = 0;
		};
		5CDB604C2AE554A800033E64 /* Resources */ = {
			isa = PBXResourcesBuildPhase;
			buildActionMask = 2147483647;
			files = (
			);
			runOnlyForDeploymentPostprocessing = 0;
		};
/* End PBXResourcesBuildPhase section */

/* Begin PBXSourcesBuildPhase section */
		5CDB60302AE554A700033E64 /* Sources */ = {
			isa = PBXSourcesBuildPhase;
			buildActionMask = 2147483647;
			files = (
				5CDB60382AE554A700033E64 /* ClimaFlowApp.swift in Sources */,
				5F88900D2F754A5D00151C5D /* FavoritesStorage.swift in Sources */,
				5F09A59A2F6C01E70027CE17 /* LocationManager.swift in Sources */,
				5F09A59B2F6C01E70027CE17 /* WeatherModels.swift in Sources */,
				5F09A59C2F6C01E70027CE17 /* WeatherService.swift in Sources */,
				5F09A59D2F6C01E70027CE17 /* WeatherButton.swift in Sources */,
				5F5B44A32F7675CB0028AE5B /* HomeView.swift in Sources */,
				5F5B44A52F7675E20028AE5B /* CitiesView.swift in Sources */,
				5F88900B2F7549A200151C5D /* FavoriteCity.swift in Sources */,
				5F09A59F2F6C01E70027CE17 /* WeatherViewModel.swift in Sources */,
				5F5B44A92F767DC40028AE5B /* ContentView.swift in Sources */,
				5F5B44A12F7675B70028AE5B /* MainTabView.swift in Sources */,
				5F5B44A72F76760C0028AE5B /* SettingsView.swift in Sources */,
				326900AB2F76BF7900250C7C /* WeatherCacheManager.swift in Sources */,
			);
			runOnlyForDeploymentPostprocessing = 0;
		};
		5CDB60402AE554A800033E64 /* Sources */ = {
			isa = PBXSourcesBuildPhase;
			buildActionMask = 2147483647;
			files = (
			);
			runOnlyForDeploymentPostprocessing = 0;
		};
		5CDB604A2AE554A800033E64 /* Sources */ = {
			isa = PBXSourcesBuildPhase;
			buildActionMask = 2147483647;
			files = (
			);
			runOnlyForDeploymentPostprocessing = 0;
		};
/* End PBXSourcesBuildPhase section */

/* Begin PBXTargetDependency section */
		5CDB60462AE554A800033E64 /* PBXTargetDependency */ = {
			isa = PBXTargetDependency;
			target = 5CDB60332AE554A700033E64 /* ClimaFlow */;
			targetProxy = 5CDB60452AE554A800033E64 /* PBXContainerItemProxy */;
		};
		5CDB60502AE554A800033E64 /* PBXTargetDependency */ = {
			isa = PBXTargetDependency;
			target = 5CDB60332AE554A700033E64 /* ClimaFlow */;
			targetProxy = 5CDB604F2AE554A800033E64 /* PBXContainerItemProxy */;
		};
/* End PBXTargetDependency section */

/* Begin XCBuildConfiguration section */
		5CDB60562AE554A800033E64 /* Debug */ = {
			isa = XCBuildConfiguration;
			buildSettings = {
				ALWAYS_SEARCH_USER_PATHS = NO;
				ASSETCATALOG_COMPILER_GENERATE_SWIFT_ASSET_SYMBOL_EXTENSIONS = YES;
				CLANG_ANALYZER_NONNULL = YES;
				CLANG_ANALYZER_NUMBER_OBJECT_CONVERSION = YES_AGGRESSIVE;
				CLANG_CXX_LANGUAGE_STANDARD = "gnu++20";
				CLANG_ENABLE_MODULES = YES;
				CLANG_ENABLE_OBJC_ARC = YES;
				CLANG_ENABLE_OBJC_WEAK = YES;
				CLANG_WARN_BLOCK_CAPTURE_AUTORELEASING = YES;
				CLANG_WARN_BOOL_CONVERSION = YES;
				CLANG_WARN_COMMA = YES;
				CLANG_WARN_CONSTANT_CONVERSION = YES;
				CLANG_WARN_DEPRECATED_OBJC_IMPLEMENTATIONS = YES;
				CLANG_WARN_DIRECT_OBJC_ISA_USAGE = YES_ERROR;
				CLANG_WARN_DOCUMENTATION_COMMENTS = YES;
				CLANG_WARN_EMPTY_BODY = YES;
				CLANG_WARN_ENUM_CONVERSION = YES;
				CLANG_WARN_INFINITE_RECURSION = YES;
				CLANG_WARN_INT_CONVERSION = YES;
				CLANG_WARN_NON_LITERAL_NULL_CONVERSION = YES;
				CLANG_WARN_OBJC_IMPLICIT_RETAIN_SELF = YES;
				CLANG_WARN_OBJC_LITERAL_CONVERSION = YES;
				CLANG_WARN_OBJC_ROOT_CLASS = YES_ERROR;
				CLANG_WARN_QUOTED_INCLUDE_IN_FRAMEWORK_HEADER = YES;
				CLANG_WARN_RANGE_LOOP_ANALYSIS = YES;
				CLANG_WARN_STRICT_PROTOTYPES = YES;
				CLANG_WARN_SUSPICIOUS_MOVE = YES;
				CLANG_WARN_UNGUARDED_AVAILABILITY = YES_AGGRESSIVE;
				CLANG_WARN_UNREACHABLE_CODE = YES;
				CLANG_WARN__DUPLICATE_METHOD_MATCH = YES;
				COPY_PHASE_STRIP = NO;
				DEBUG_INFORMATION_FORMAT = dwarf;
				DEVELOPMENT_TEAM = 86RDB6M4WR;
				ENABLE_STRICT_OBJC_MSGSEND = YES;
				ENABLE_TESTABILITY = YES;
				ENABLE_USER_SCRIPT_SANDBOXING = YES;
				GCC_C_LANGUAGE_STANDARD = gnu17;
				GCC_DYNAMIC_NO_PIC = NO;
				GCC_NO_COMMON_BLOCKS = YES;
				GCC_OPTIMIZATION_LEVEL = 0;
				GCC_PREPROCESSOR_DEFINITIONS = (
					"DEBUG=1",
					"$(inherited)",
				);
				GCC_WARN_64_TO_32_BIT_CONVERSION = YES;
				GCC_WARN_ABOUT_RETURN_TYPE = YES_ERROR;
				GCC_WARN_UNDECLARED_SELECTOR = YES;
				GCC_WARN_UNINITIALIZED_AUTOS = YES_AGGRESSIVE;
				GCC_WARN_UNUSED_FUNCTION = YES;
				GCC_WARN_UNUSED_VARIABLE = YES;
				IPHONEOS_DEPLOYMENT_TARGET = 17.0;
				LOCALIZATION_PREFERS_STRING_CATALOGS = YES;
				MTL_ENABLE_DEBUG_INFO = INCLUDE_SOURCE;
				MTL_FAST_MATH = YES;
				ONLY_ACTIVE_ARCH = YES;
				SDKROOT = iphoneos;
				STRING_CATALOG_GENERATE_SYMBOLS = YES;
				SWIFT_ACTIVE_COMPILATION_CONDITIONS = "DEBUG $(inherited)";
				SWIFT_EMIT_LOC_STRINGS = YES;
				SWIFT_OPTIMIZATION_LEVEL = "-Onone";
			};
			name = Debug;
		};
		5CDB60572AE554A800033E64 /* Release */ = {
			isa = XCBuildConfiguration;
			buildSettings = {
				ALWAYS_SEARCH_USER_PATHS = NO;
				ASSETCATALOG_COMPILER_GENERATE_SWIFT_ASSET_SYMBOL_EXTENSIONS = YES;
				CLANG_ANALYZER_NONNULL = YES;
				CLANG_ANALYZER_NUMBER_OBJECT_CONVERSION = YES_AGGRESSIVE;
				CLANG_CXX_LANGUAGE_STANDARD = "gnu++20";
				CLANG_ENABLE_MODULES = YES;
				CLANG_ENABLE_OBJC_ARC = YES;
				CLANG_ENABLE_OBJC_WEAK = YES;
				CLANG_WARN_BLOCK_CAPTURE_AUTORELEASING = YES;
				CLANG_WARN_BOOL_CONVERSION = YES;
				CLANG_WARN_COMMA = YES;
				CLANG_WARN_CONSTANT_CONVERSION = YES;
				CLANG_WARN_DEPRECATED_OBJC_IMPLEMENTATIONS = YES;
				CLANG_WARN_DIRECT_OBJC_ISA_USAGE = YES_ERROR;
				CLANG_WARN_DOCUMENTATION_COMMENTS = YES;
				CLANG_WARN_EMPTY_BODY = YES;
				CLANG_WARN_ENUM_CONVERSION = YES;
				CLANG_WARN_INFINITE_RECURSION = YES;
				CLANG_WARN_INT_CONVERSION = YES;
				CLANG_WARN_NON_LITERAL_NULL_CONVERSION = YES;
				CLANG_WARN_OBJC_IMPLICIT_RETAIN_SELF = YES;
				CLANG_WARN_OBJC_LITERAL_CONVERSION = YES;
				CLANG_WARN_OBJC_ROOT_CLASS = YES_ERROR;
				CLANG_WARN_QUOTED_INCLUDE_IN_FRAMEWORK_HEADER = YES;
				CLANG_WARN_RANGE_LOOP_ANALYSIS = YES;
				CLANG_WARN_STRICT_PROTOTYPES = YES;
				CLANG_WARN_SUSPICIOUS_MOVE = YES;
				CLANG_WARN_UNGUARDED_AVAILABILITY = YES_AGGRESSIVE;
				CLANG_WARN_UNREACHABLE_CODE = YES;
				CLANG_WARN__DUPLICATE_METHOD_MATCH = YES;
				COPY_PHASE_STRIP = NO;
				DEBUG_INFORMATION_FORMAT = "dwarf-with-dsym";
				DEVELOPMENT_TEAM = 86RDB6M4WR;
				ENABLE_NS_ASSERTIONS = NO;
				ENABLE_STRICT_OBJC_MSGSEND = YES;
				ENABLE_USER_SCRIPT_SANDBOXING = YES;
				GCC_C_LANGUAGE_STANDARD = gnu17;
				GCC_NO_COMMON_BLOCKS = YES;
				GCC_WARN_64_TO_32_BIT_CONVERSION = YES;
				GCC_WARN_ABOUT_RETURN_TYPE = YES_ERROR;
				GCC_WARN_UNDECLARED_SELECTOR = YES;
				GCC_WARN_UNINITIALIZED_AUTOS = YES_AGGRESSIVE;
				GCC_WARN_UNUSED_FUNCTION = YES;
				GCC_WARN_UNUSED_VARIABLE = YES;
				IPHONEOS_DEPLOYMENT_TARGET = 17.0;
				LOCALIZATION_PREFERS_STRING_CATALOGS = YES;
				MTL_ENABLE_DEBUG_INFO = NO;
				MTL_FAST_MATH = YES;
				SDKROOT = iphoneos;
				STRING_CATALOG_GENERATE_SYMBOLS = YES;
				SWIFT_COMPILATION_MODE = wholemodule;
				SWIFT_EMIT_LOC_STRINGS = YES;
				VALIDATE_PRODUCT = YES;
			};
			name = Release;
		};
		5CDB60592AE554A800033E64 /* Debug */ = {
			isa = XCBuildConfiguration;
			buildSettings = {
				ASSETCATALOG_COMPILER_APPICON_NAME = AppIcon;
				ASSETCATALOG_COMPILER_GLOBAL_ACCENT_COLOR_NAME = AccentColor;
				CODE_SIGN_STYLE = Automatic;
				CURRENT_PROJECT_VERSION = 1;
				DEVELOPMENT_ASSET_PATHS = "\"SkyCast — Weather App/Preview Content\"";
				DEVELOPMENT_TEAM = U2TCP8L7NV;
				ENABLE_PREVIEWS = YES;
				GENERATE_INFOPLIST_FILE = YES;
				INFOPLIST_KEY_CFBundleDisplayName = ClimaFlow;
				INFOPLIST_KEY_LSApplicationCategoryType = "public.app-category.weather";
				INFOPLIST_KEY_NSLocationWhenInUseUsageDescription = "We use your location to show weather for your current position.";
				INFOPLIST_KEY_UIApplicationSceneManifest_Generation = YES;
				INFOPLIST_KEY_UIApplicationSupportsIndirectInputEvents = YES;
				INFOPLIST_KEY_UILaunchScreen_Generation = YES;
				INFOPLIST_KEY_UISupportedInterfaceOrientations_iPad = "UIInterfaceOrientationPortrait UIInterfaceOrientationPortraitUpsideDown UIInterfaceOrientationLandscapeLeft UIInterfaceOrientationLandscapeRight";
				INFOPLIST_KEY_UISupportedInterfaceOrientations_iPhone = "UIInterfaceOrientationPortrait UIInterfaceOrientationLandscapeLeft UIInterfaceOrientationLandscapeRight";
				IPHONEOS_DEPLOYMENT_TARGET = 17.6;
				LD_RUNPATH_SEARCH_PATHS = (
					"$(inherited)",
					"@executable_path/Frameworks",
				);
				MARKETING_VERSION = 1.0;
				PRODUCT_BUNDLE_IDENTIFIER = com.rockytafoya.climaflow;
				PRODUCT_NAME = "$(TARGET_NAME)";
				SWIFT_EMIT_LOC_STRINGS = YES;
				SWIFT_VERSION = 5.0;
				TARGETED_DEVICE_FAMILY = "1,2";
			};
			name = Debug;
		};
		5CDB605A2AE554A800033E64 /* Release */ = {
			isa = XCBuildConfiguration;
			buildSettings = {
				ASSETCATALOG_COMPILER_APPICON_NAME = AppIcon;
				ASSETCATALOG_COMPILER_GLOBAL_ACCENT_COLOR_NAME = AccentColor;
				CODE_SIGN_STYLE = Automatic;
				CURRENT_PROJECT_VERSION = 1;
				DEVELOPMENT_ASSET_PATHS = "\"SkyCast — Weather App/Preview Content\"";
				DEVELOPMENT_TEAM = U2TCP8L7NV;
				ENABLE_PREVIEWS = YES;
				GENERATE_INFOPLIST_FILE = YES;
				INFOPLIST_KEY_CFBundleDisplayName = ClimaFlow;
				INFOPLIST_KEY_LSApplicationCategoryType = "public.app-category.weather";
				INFOPLIST_KEY_NSLocationWhenInUseUsageDescription = "We use your location to show weather for your current position.";
				INFOPLIST_KEY_UIApplicationSceneManifest_Generation = YES;
				INFOPLIST_KEY_UIApplicationSupportsIndirectInputEvents = YES;
				INFOPLIST_KEY_UILaunchScreen_Generation = YES;
				INFOPLIST_KEY_UISupportedInterfaceOrientations_iPad = "UIInterfaceOrientationPortrait UIInterfaceOrientationPortraitUpsideDown UIInterfaceOrientationLandscapeLeft UIInterfaceOrientationLandscapeRight";
				INFOPLIST_KEY_UISupportedInterfaceOrientations_iPhone = "UIInterfaceOrientationPortrait UIInterfaceOrientationLandscapeLeft UIInterfaceOrientationLandscapeRight";
				IPHONEOS_DEPLOYMENT_TARGET = 17.6;
				LD_RUNPATH_SEARCH_PATHS = (
					"$(inherited)",
					"@executable_path/Frameworks",
				);
				MARKETING_VERSION = 1.0;
				PRODUCT_BUNDLE_IDENTIFIER = com.rockytafoya.climaflow;
				PRODUCT_NAME = "$(TARGET_NAME)";
				SWIFT_EMIT_LOC_STRINGS = YES;
				SWIFT_VERSION = 5.0;
				TARGETED_DEVICE_FAMILY = "1,2";
			};
			name = Release;
		};
		5CDB605C2AE554A800033E64 /* Debug */ = {
			isa = XCBuildConfiguration;
			buildSettings = {
				BUNDLE_LOADER = "$(TEST_HOST)";
				CODE_SIGN_STYLE = Automatic;
				CURRENT_PROJECT_VERSION = 1;
				DEVELOPMENT_TEAM = U2TCP8L7NV;
				GENERATE_INFOPLIST_FILE = YES;
				IPHONEOS_DEPLOYMENT_TARGET = 17.0;
				MARKETING_VERSION = 1.0;
				PRODUCT_BUNDLE_IDENTIFIER = "Map.SwiftUI-WeatherTests";
				PRODUCT_NAME = "$(TARGET_NAME)";
				SWIFT_EMIT_LOC_STRINGS = NO;
				SWIFT_VERSION = 5.0;
				TARGETED_DEVICE_FAMILY = "1,2";
				TEST_HOST = "$(BUILT_PRODUCTS_DIR)/SkyCast.app/$(BUNDLE_EXECUTABLE_FOLDER_PATH)/SkyCast";
			};
			name = Debug;
		};
		5CDB605D2AE554A800033E64 /* Release */ = {
			isa = XCBuildConfiguration;
			buildSettings = {
				BUNDLE_LOADER = "$(TEST_HOST)";
				CODE_SIGN_STYLE = Automatic;
				CURRENT_PROJECT_VERSION = 1;
				DEVELOPMENT_TEAM = U2TCP8L7NV;
				GENERATE_INFOPLIST_FILE = YES;
				IPHONEOS_DEPLOYMENT_TARGET = 17.0;
				MARKETING_VERSION = 1.0;
				PRODUCT_BUNDLE_IDENTIFIER = "Map.SwiftUI-WeatherTests";
				PRODUCT_NAME = "$(TARGET_NAME)";
				SWIFT_EMIT_LOC_STRINGS = NO;
				SWIFT_VERSION = 5.0;
				TARGETED_DEVICE_FAMILY = "1,2";
				TEST_HOST = "$(BUILT_PRODUCTS_DIR)/SkyCast.app/$(BUNDLE_EXECUTABLE_FOLDER_PATH)/SkyCast";
			};
			name = Release;
		};
		5CDB605F2AE554A800033E64 /* Debug */ = {
			isa = XCBuildConfiguration;
			buildSettings = {
				CODE_SIGN_STYLE = Automatic;
				CURRENT_PROJECT_VERSION = 1;
				DEVELOPMENT_TEAM = U2TCP8L7NV;
				GENERATE_INFOPLIST_FILE = YES;
				MARKETING_VERSION = 1.0;
				PRODUCT_BUNDLE_IDENTIFIER = "Map.SwiftUI-WeatherUITests";
				PRODUCT_NAME = "$(TARGET_NAME)";
				SWIFT_EMIT_LOC_STRINGS = NO;
				SWIFT_VERSION = 5.0;
				TARGETED_DEVICE_FAMILY = "1,2";
				TEST_TARGET_NAME = "SwiftUI-Weather";
			};
			name = Debug;
		};
		5CDB60602AE554A800033E64 /* Release */ = {
			isa = XCBuildConfiguration;
			buildSettings = {
				CODE_SIGN_STYLE = Automatic;
				CURRENT_PROJECT_VERSION = 1;
				DEVELOPMENT_TEAM = U2TCP8L7NV;
				GENERATE_INFOPLIST_FILE = YES;
				MARKETING_VERSION = 1.0;
				PRODUCT_BUNDLE_IDENTIFIER = "Map.SwiftUI-WeatherUITests";
				PRODUCT_NAME = "$(TARGET_NAME)";
				SWIFT_EMIT_LOC_STRINGS = NO;
				SWIFT_VERSION = 5.0;
				TARGETED_DEVICE_FAMILY = "1,2";
				TEST_TARGET_NAME = "SwiftUI-Weather";
			};
			name = Release;
		};
/* End XCBuildConfiguration section */

/* Begin XCConfigurationList section */
		5CDB602F2AE554A700033E64 /* Build configuration list for PBXProject "SkyCast" */ = {
			isa = XCConfigurationList;
			buildConfigurations = (
				5CDB60562AE554A800033E64 /* Debug */,
				5CDB60572AE554A800033E64 /* Release */,
			);
			defaultConfigurationIsVisible = 0;
			defaultConfigurationName = Release;
		};
		5CDB60582AE554A800033E64 /* Build configuration list for PBXNativeTarget "ClimaFlow" */ = {
			isa = XCConfigurationList;
			buildConfigurations = (
				5CDB60592AE554A800033E64 /* Debug */,
				5CDB605A2AE554A800033E64 /* Release */,
			);
			defaultConfigurationIsVisible = 0;
			defaultConfigurationName = Release;
		};
		5CDB605B2AE554A800033E64 /* Build configuration list for PBXNativeTarget "ClimaFlowTests" */ = {
			isa = XCConfigurationList;
			buildConfigurations = (
				5CDB605C2AE554A800033E64 /* Debug */,
				5CDB605D2AE554A800033E64 /* Release */,
			);
			defaultConfigurationIsVisible = 0;
			defaultConfigurationName = Release;
		};
		5CDB605E2AE554A800033E64 /* Build configuration list for PBXNativeTarget "ClimaFlowUITests" */ = {
			isa = XCConfigurationList;
			buildConfigurations = (
				5CDB605F2AE554A800033E64 /* Debug */,
				5CDB60602AE554A800033E64 /* Release */,
			);
			defaultConfigurationIsVisible = 0;
			defaultConfigurationName = Release;
		};
/* End XCConfigurationList section */
	};
	rootObject = 5CDB602C2AE554A700033E64 /* Project object */;
}
